
Microsoft Visual Studio Solution File, Format Version 12.00
# Visual Studio Version 16
VisualStudioVersion = 16.0.32106.194
MinimumVisualStudioVersion = 10.0.40219.1
Project("{FAE04EC0-301F-11D3-BF4B-00C04F79EFBC}") = "Ex6(Laborator5)", "Ex6(Laborator5).csproj", "{C11D9DBD-DBAB-4117-8D12-79443222CB39}"
EndProject
Global
	GlobalSection(SolutionConfigurationPlatforms) = preSolution
		Debug|Any CPU = Debug|Any CPU
		Release|Any CPU = Release|Any CPU
	EndGlobalSection
	GlobalSection(ProjectConfigurationPlatforms) = postSolution
		{C11D9DBD-DBAB-4117-8D12-79443222CB39}.Debug|Any CPU.ActiveCfg = Debug|Any CPU
		{C11D9DBD-DBAB-4117-8D12-79443222CB39}.Debug|Any CPU.Build.0 = Debug|Any CPU
		{C11D9DBD-DBAB-4117-8D12-79443222CB39}.Release|Any CPU.ActiveCfg = Release|Any CPU
		{C11D9DBD-DBAB-4117-8D12-79443222CB39}.Release|Any CPU.Build.0 = Release|Any CPU
	EndGlobalSection
	GlobalSection(SolutionProperties) = preSolution
		HideSolutionNode = FALSE
	EndGlobalSection
	GlobalSection(ExtensibilityGlobals) = postSolution
		SolutionGuid = {164CF98E-0742-40F1-8EC9-442547EDDAAB}
	EndGlobalSection
EndGlobal
